
Microsoft Visual Studio Solution File, Format Version 12.00
# Visual Studio Version 17
VisualStudioVersion = 17.6.33829.357
MinimumVisualStudioVersion = 10.0.40219.1
Project("{9A19103F-16F7-4668-BE54-9A1E7A4F7556}") = "API", "API\API.csproj", "{CE276889-D00E-41B2-B76F-F5598ABE4F79}"
EndProject
Project("{2150E333-8FDC-42A3-9474-1A3956D46DE8}") = "Documentation", "Documentation", "{3F993C72-346B-4245-8A18-D51B2FED60F2}"
	ProjectSection(SolutionItems) = preProject
		Readme.md = Readme.md
	EndProjectSection
EndProject
Project("{E53339B2-1760-4266-BCC7-CA923CBCF16C}") = "docker-compose", "docker-compose.dcproj", "{5B7FA0CA-9A82-4F66-AA13-0BB7CB4B4072}"
EndProject
Project("{FAE04EC0-301F-11D3-BF4B-00C04F79EFBC}") = "Engine", "Engine\Engine.csproj", "{88246CD0-DB6A-4F71-ADD3-75C8B9D527A8}"
EndProject
Global
	GlobalSection(SolutionConfigurationPlatforms) = preSolution
		Debug|Any CPU = Debug|Any CPU
		Release|Any CPU = Release|Any CPU
	EndGlobalSection
	GlobalSection(ProjectConfigurationPlatforms) = postSolution
		{CE276889-D00E-41B2-B76F-F5598ABE4F79}.Debug|Any CPU.ActiveCfg = Debug|Any CPU
		{CE276889-D00E-41B2-B76F-F5598ABE4F79}.Debug|Any CPU.Build.0 = Debug|Any CPU
		{CE276889-D00E-41B2-B76F-F5598ABE4F79}.Release|Any CPU.ActiveCfg = Release|Any CPU
		{CE276889-D00E-41B2-B76F-F5598ABE4F79}.Release|Any CPU.Build.0 = Release|Any CPU
		{5B7FA0CA-9A82-4F66-AA13-0BB7CB4B4072}.Debug|Any CPU.ActiveCfg = Debug|Any CPU
		{5B7FA0CA-9A82-4F66-AA13-0BB7CB4B4072}.Debug|Any CPU.Build.0 = Debug|Any CPU
		{5B7FA0CA-9A82-4F66-AA13-0BB7CB4B4072}.Release|Any CPU.ActiveCfg = Release|Any CPU
		{5B7FA0CA-9A82-4F66-AA13-0BB7CB4B4072}.Release|Any CPU.Build.0 = Release|Any CPU
		{88246CD0-DB6A-4F71-ADD3-75C8B9D527A8}.Debug|Any CPU.ActiveCfg = Debug|Any CPU
		{88246CD0-DB6A-4F71-ADD3-75C8B9D527A8}.Debug|Any CPU.Build.0 = Debug|Any CPU
		{88246CD0-DB6A-4F71-ADD3-75C8B9D527A8}.Release|Any CPU.ActiveCfg = Release|Any CPU
		{88246CD0-DB6A-4F71-ADD3-75C8B9D527A8}.Release|Any CPU.Build.0 = Release|Any CPU
	EndGlobalSection
	GlobalSection(SolutionProperties) = preSolution
		HideSolutionNode = FALSE
	EndGlobalSection
	GlobalSection(ExtensibilityGlobals) = postSolution
		SolutionGuid = {62B791BB-165B-488D-A45D-C4780084B03D}
	EndGlobalSection
EndGlobal
